
Microsoft Visual Studio Solution File, Format Version 12.00
# Visual Studio Version 16
VisualStudioVersion = 16.0.32929.386
MinimumVisualStudioVersion = 10.0.40219.1
Project("{FAE04EC0-301F-11D3-BF4B-00C04F79EFBC}") = "DbFirstDemo", "DbFirstDemo\DbFirstDemo.csproj", "{2BB8ECE1-4544-44FC-A68F-626E69843A5C}"
EndProject
Global
	GlobalSection(SolutionConfigurationPlatforms) = preSolution
		Debug|Any CPU = Debug|Any CPU
		Release|Any CPU = Release|Any CPU
	EndGlobalSection
	GlobalSection(ProjectConfigurationPlatforms) = postSolution
		{2BB8ECE1-4544-44FC-A68F-626E69843A5C}.Debug|Any CPU.ActiveCfg = Debug|Any CPU
		{2BB8ECE1-4544-44FC-A68F-626E69843A5C}.Debug|Any CPU.Build.0 = Debug|Any CPU
		{2BB8ECE1-4544-44FC-A68F-626E69843A5C}.Release|Any CPU.ActiveCfg = Release|Any CPU
		{2BB8ECE1-4544-44FC-A68F-626E69843A5C}.Release|Any CPU.Build.0 = Release|Any CPU
	EndGlobalSection
	GlobalSection(SolutionProperties) = preSolution
		HideSolutionNode = FALSE
	EndGlobalSection
	GlobalSection(ExtensibilityGlobals) = postSolution
		SolutionGuid = {F79FDAD9-1102-4B95-875C-FC067E180DAA}
	EndGlobalSection
EndGlobal
